[[package]]
name = "atomicwrites"
version = "1.4.0"
description = "Atomic file writes."
category = "dev"
optional = false
python-versions = ">=2.7, !=3.0.*, !=3.1.*, !=3.2.*, !=3.3.*"

[[package]]
name = "attrs"
version = "21.2.0"
description = "Classes Without Boilerplate"
category = "dev"
optional = false
python-versions = ">=2.7, !=3.0.*, !=3.1.*, !=3.2.*, !=3.3.*, !=3.4.*"

[package.extras]
dev = ["coverage[toml] (>=5.0.2)", "hypothesis", "pympler", "pytest (>=4.3.0)", "six", "mypy", "pytest-mypy-plugins", "zope.interface", "furo", "sphinx", "sphinx-notfound-page", "pre-commit"]
docs = ["furo", "sphinx", "zope.interface", "sphinx-notfound-page"]
tests = ["coverage[toml] (>=5.0.2)", "hypothesis", "pympler", "pytest (>=4.3.0)", "six", "mypy", "pytest-mypy-plugins", "zope.interface"]
tests_no_zope = ["coverage[toml] (>=5.0.2)", "hypothesis", "pympler", "pytest (>=4.3.0)", "six", "mypy", "pytest-mypy-plugins"]

[[package]]
name = "colorama"
version = "0.4.4"
description = "Cross-platform colored terminal text."
category = "dev"
optional = false
python-versions = ">=2.7, !=3.0.*, !=3.1.*, !=3.2.*, !=3.3.*, !=3.4.*"

[[package]]
name = "debugpy"
version = "1.4.1"
description = "An implementation of the Debug Adapter Protocol for Python"
category = "main"
optional = false
python-versions = ">=2.7,!=3.0.*,!=3.1.*,!=3.2.*,!=3.3.*,!=3.4.*"

[[package]]
name = "importlib-metadata"
version = "4.6.3"
description = "Read metadata from Python packages"
category = "dev"
optional = false
python-versions = ">=3.6"

[package.dependencies]
typing-extensions = {version = ">=3.6.4", markers = "python_version < \"3.8\""}
zipp = ">=0.5"

[package.extras]
docs = ["sphinx", "jaraco.packaging (>=8.2)", "rst.linker (>=1.9)"]
perf = ["ipython"]
testing = ["pytest (>=4.6)", "pytest-checkdocs (>=2.4)", "pytest-flake8", "pytest-cov", "pytest-enabler (>=1.0.1)", "packaging", "pep517", "pyfakefs", "flufl.flake8", "pytest-perf (>=0.9.2)", "pytest-black (>=0.3.7)", "pytest-mypy", "importlib-resources (>=1.3)"]

[[package]]
name = "more-itertools"
version = "8.8.0"
description = "More routines for operating on iterables, beyond itertools"
category = "dev"
optional = false
python-versions = ">=3.5"

[[package]]
name = "pluggy"
version = "0.13.1"
description = "plugin and hook calling mechanisms for python"
category = "dev"
optional = false
python-versions = ">=2.7, !=3.0.*, !=3.1.*, !=3.2.*, !=3.3.*"

[package.dependencies]
importlib-metadata = {version = ">=0.12", markers = "python_version < \"3.8\""}

[package.extras]
dev = ["pre-commit", "tox"]

[[package]]
name = "py"
version = "1.10.0"
description = "library with cross-python path, ini-parsing, io, code, log facilities"
category = "dev"
optional = false
python-versions = ">=2.7, !=3.0.*, !=3.1.*, !=3.2.*, !=3.3.*"

[[package]]
name = "pytest"
version = "3.10.1"
description = "pytest: simple powerful testing with Python"
category = "dev"
optional = false
python-versions = ">=2.7, !=3.0.*, !=3.1.*, !=3.2.*, !=3.3.*"

[package.dependencies]
atomicwrites = ">=1.0"
attrs = ">=17.4.0"
colorama = {version = "*", markers = "sys_platform == \"win32\""}
more-itertools = ">=4.0.0"
pluggy = ">=0.7"
py = ">=1.5.0"
six = ">=1.10.0"

[[package]]
name = "six"
version = "1.16.0"
description = "Python 2 and 3 compatibility utilities"
category = "dev"
optional = false
python-versions = ">=2.7, !=3.0.*, !=3.1.*, !=3.2.*"

[[package]]
name = "typing-extensions"
version = "3.10.0.0"
description = "Backported and Experimental Type Hints for Python 3.5+"
category = "dev"
optional = false
python-versions = "*"

[[package]]
name = "zipp"
version = "3.5.0"
description = "Backport of pathlib-compatible object wrapper for zip files"
category = "dev"
optional = false
python-versions = ">=3.6"

[package.extras]
docs = ["sphinx", "jaraco.packaging (>=8.2)", "rst.linker (>=1.9)"]
testing = ["pytest (>=4.6)", "pytest-checkdocs (>=2.4)", "pytest-flake8", "pytest-cov", "pytest-enabler (>=1.0.1)", "jaraco.itertools", "func-timeout", "pytest-black (>=0.3.7)", "pytest-mypy"]

[metadata]
lock-version = "1.1"
python-versions = ">=3.6,<4.0"
content-hash = "4dbb4796f980c88d70da2beeda68bd831e580b317ee4fc943cc8ca082a1d7a49"

[metadata.files]
atomicwrites = [
    {file = "atomicwrites-1.4.0-py2.py3-none-any.whl", hash = "sha256:6d1784dea7c0c8d4a5172b6c620f40b6e4cbfdf96d783691f2e1302a7b88e197"},
    {file = "atomicwrites-1.4.0.tar.gz", hash = "sha256:ae70396ad1a434f9c7046fd2dd196fc04b12f9e91ffb859164193be8b6168a7a"},
]
attrs = [
    {file = "attrs-21.2.0-py2.py3-none-any.whl", hash = "sha256:149e90d6d8ac20db7a955ad60cf0e6881a3f20d37096140088356da6c716b0b1"},
    {file = "attrs-21.2.0.tar.gz", hash = "sha256:ef6aaac3ca6cd92904cdd0d83f629a15f18053ec84e6432106f7a4d04ae4f5fb"},
]
colorama = [
    {file = "colorama-0.4.4-py2.py3-none-any.whl", hash = "sha256:9f47eda37229f68eee03b24b9748937c7dc3868f906e8ba69fbcbdd3bc5dc3e2"},
    {file = "colorama-0.4.4.tar.gz", hash = "sha256:5941b2b48a20143d2267e95b1c2a7603ce057ee39fd88e7329b0c292aa16869b"},
]
debugpy = [
    {file = "debugpy-1.4.1-cp27-cp27m-macosx_10_14_x86_64.whl", hash = "sha256:a2c5a1c49239707ed5bc8e97d8f9252fb392d9e13c79c7b477593d7dde4ae24a"},
    {file = "debugpy-1.4.1-cp27-cp27m-manylinux1_i686.whl", hash = "sha256:ebc241351791595796864a960892e1cd58627064feda939d0377edd0730bbff2"},
    {file = "debugpy-1.4.1-cp27-cp27m-manylinux1_x86_64.whl", hash = "sha256:939c94d516e6ed5433cc3ba12d9d0d8108499587158ae5f76f6db18d49e21b5b"},
    {file = "debugpy-1.4.1-cp27-cp27m-manylinux2010_i686.whl", hash = "sha256:e47c42bc1a68ead3c39d9a658d3ccf311bc45dc84f3c90fa5cb7de1796243f47"},
    {file = "debugpy-1.4.1-cp27-cp27m-manylinux2010_x86_64.whl", hash = "sha256:3756cd421be701d06490635372327ebd1ccb44b37d59682c994f6bd59e040a91"},
    {file = "debugpy-1.4.1-cp27-cp27mu-manylinux1_i686.whl", hash = "sha256:a4368c79a2c4458d5a0540381a32f8fdc02b3c9ba9dd413a49b42929297b29b3"},
    {file = "debugpy-1.4.1-cp27-cp27mu-manylinux1_x86_64.whl", hash = "sha256:c96e82d863db97d3eb498cc8e55773004724bdeaa58fb0eb7ee7d5a21d240d6a"},
    {file = "debugpy-1.4.1-cp27-cp27mu-manylinux2010_i686.whl", hash = "sha256:71e67d352cabdc6a3f4dc3e39a1d2d1e76763a2102a276904e3495ede48a9832"},
    {file = "debugpy-1.4.1-cp27-cp27mu-manylinux2010_x86_64.whl", hash = "sha256:959d39f3d724d25b7ab79278f032e33df03c6376d51b3517abaf2f8e83594ee0"},
    {file = "debugpy-1.4.1-cp35-cp35m-macosx_10_14_x86_64.whl", hash = "sha256:9d559bd0e4c288487349e0723bc70ff06390638446ee8087d4d5711486119643"},
    {file = "debugpy-1.4.1-cp35-cp35m-manylinux1_i686.whl", hash = "sha256:7376bd8f4272ab01342940bd020955f021e26954e1f0df91cfa8bf1fa4451b56"},
    {file = "debugpy-1.4.1-cp35-cp35m-manylinux1_x86_64.whl", hash = "sha256:dea62527a4a2770a0d12ce46564636d892bba29baaf5dba5bfe98bb55bf17a11"},
    {file = "debugpy-1.4.1-cp35-cp35m-manylinux2010_i686.whl", hash = "sha256:12cb415e7394c6738527cbc482935aa9414e9b4cc87dd040015d0e5cb8b4471a"},
    {file = "debugpy-1.4.1-cp35-cp35m-manylinux2010_x86_64.whl", hash = "sha256:3a6dee475102d0169732162b735878e8787500719ccb4d54b1458afe992a4c4d"},
    {file = "debugpy-1.4.1-cp35-cp35m-manylinux2014_i686.whl", hash = "sha256:7e12e94aa2c9a0017c0a84cd475063108d06e305360b69c933bde17a6a527f80"},
    {file = "debugpy-1.4.1-cp35-cp35m-manylinux2014_x86_64.whl", hash = "sha256:2bfda2721046fb43a7074d475a12adcd55a65bfd23a1ff675427b09a01ba40cc"},
    {file = "debugpy-1.4.1-cp35-cp35m-win32.whl", hash = "sha256:732ac8bb79694cb4127c08bfc6128274f3dee9e6fd2ddde7bf026a40efeb202d"},
    {file = "debugpy-1.4.1-cp35-cp35m-win_amd64.whl", hash = "sha256:bad668e9edb21199017ab31f52a05e14506ad6566110560796d2a8f258e0b819"},
    {file = "debugpy-1.4.1-cp36-cp36m-macosx_10_14_x86_64.whl", hash = "sha256:cd36e75c0f71a924f4b4cdb5f74b3321952cf636aadf70e0f85fd9cd2edfc1d0"},
    {file = "debugpy-1.4.1-cp36-cp36m-manylinux1_i686.whl", hash = "sha256:eee2224ce547d2958ffc0d63cd280a9cc6377043f32ce370cfe4ca6be4e05476"},
    {file = "debugpy-1.4.1-cp36-cp36m-manylinux1_x86_64.whl", hash = "sha256:e6711106aafc26ecb78e43c4be0a49bd0ae4a1f3e1aa502de151e38f4717b2a2"},
    {file = "debugpy-1.4.1-cp36-cp36m-manylinux2010_i686.whl", hash = "sha256:768f393ffaa66a3b3ed92b06e21912a5df3e01f18fb531bcbba2f94cad1725a7"},
    {file = "debugpy-1.4.1-cp36-cp36m-manylinux2010_x86_64.whl", hash = "sha256:ab37f189b1dd0d8420545c9f3d066bd1601a1ae85b26de38f5c1ccb96cf0b042"},
    {file = "debugpy-1.4.1-cp36-cp36m-manylinux2014_i686.whl", hash = "sha256:00f9d14da52b87e98e26f5c3c8f1937cc496915b38f8ccb7b329336b21898678"},
    {file = "debugpy-1.4.1-cp36-cp36m-manylinux2014_x86_64.whl", hash = "sha256:1bc8e835a48ef23280cbaf2b70a5a2b629b9ee79685b64d974bfb8d467f4aa67"},
    {file = "debugpy-1.4.1-cp36-cp36m-win32.whl", hash = "sha256:309909b6c85f89aea3fa10fc256b52fef3c25fee4d00e1b5f5db1ace57203a2c"},
    {file = "debugpy-1.4.1-cp36-cp36m-win_amd64.whl", hash = "sha256:67d496890d1cada5ce924cb30178684e7b82a36b80b8868beb148db54fd9e44c"},
    {file = "debugpy-1.4.1-cp37-cp37m-macosx_10_14_x86_64.whl", hash = "sha256:595170ac17567773b546d40a0ff002dc350cfcd95c9233f65e79370954fb9a01"},
    {file = "debugpy-1.4.1-cp37-cp37m-manylinux1_i686.whl", hash = "sha256:c5e771fcd12727f734caf2a10ff92966ae9857db0ccb6bebd1a4f776c54186a8"},
    {file = "debugpy-1.4.1-cp37-cp37m-manylinux1_x86_64.whl", hash = "sha256:2d4c4ab934fbe1c7095d19b3d4246afe119396b49540ca5d5ad34ef01b27bd2a"},
    {file = "debugpy-1.4.1-cp37-cp37m-manylinux2010_i686.whl", hash = "sha256:4655824321b36b353b12d1617a29c79320412f085ecabf54524603b4c0c791e8"},
    {file = "debugpy-1.4.1-cp37-cp37m-manylinux2010_x86_64.whl", hash = "sha256:399b2c60c8e67a5d30c6e4522129e8be8d484e6064286f8ba3ce857a3927312a"},
    {file = "debugpy-1.4.1-cp37-cp37m-manylinux2014_i686.whl", hash = "sha256:8e63585c372873cd88c2380c0b3c4815c724a9713f5b86d1b3a1f1ac30df079e"},
    {file = "debugpy-1.4.1-cp37-cp37m-manylinux2014_x86_64.whl", hash = "sha256:52920ccb4acdbb2a9a42e0a4d60a7bbc4a34bf16fd23c674b280f8e9a8cacbd6"},
    {file = "debugpy-1.4.1-cp37-cp37m-win32.whl", hash = "sha256:7b332ce0d1a46f0f4200d59ee78428f18301d1fb85d07402723b94e1de96951c"},
    {file = "debugpy-1.4.1-cp37-cp37m-win_amd64.whl", hash = "sha256:a19def91a0a166877c2a26b611c1ad0473ce85b1df61ae5276197375d574228b"},
    {file = "debugpy-1.4.1-cp38-cp38-macosx_10_14_x86_64.whl", hash = "sha256:9a0cd73d7a76222fbc9f9180612ccb4ad7d7f7e4f26e55ef1fbd459c0f2f5322"},
    {file = "debugpy-1.4.1-cp38-cp38-manylinux1_i686.whl", hash = "sha256:86cd13162b752664e8ef048287a6973c8fba0a71f396b31cf36394880ec2a6bf"},
    {file = "debugpy-1.4.1-cp38-cp38-manylinux1_x86_64.whl", hash = "sha256:89d53d57001e54a3854489e898c697aafb2d6bb81fca596da2400f3fd7fd397c"},
    {file = "debugpy-1.4.1-cp38-cp38-manylinux2010_i686.whl", hash = "sha256:7b4e399790a301c83ad6b153452233695b2f15450d78956a6d297859eb44d185"},
    {file = "debugpy-1.4.1-cp38-cp38-manylinux2010_x86_64.whl", hash = "sha256:fece69933d17e0918b73ddeb5e23bcf789edd2a6eb0d438b09c40d51e76b9c74"},
    {file = "debugpy-1.4.1-cp38-cp38-manylinux2014_i686.whl", hash = "sha256:4e0d57a8c35b20b4e363db943b909aa83f12594e2f34070a1db5fa9b7213336b"},
    {file = "debugpy-1.4.1-cp38-cp38-manylinux2014_x86_64.whl", hash = "sha256:f77406f33760e6f13a7ff0ac375d9c8856844b61cd95f7502b57116858f0cfe1"},
    {file = "debugpy-1.4.1-cp38-cp38-win32.whl", hash = "sha256:3d92cb2e8b4f9591f6d6e17ccf8c1a55a58857949d9a5aae0ff37b64faaa3b80"},
    {file = "debugpy-1.4.1-cp38-cp38-win_amd64.whl", hash = "sha256:ac2d1cdd3279806dab2119937c0769f11dee13166650aaa84b6700b30a845d10"},
    {file = "debugpy-1.4.1-cp39-cp39-macosx_10_14_x86_64.whl", hash = "sha256:e7e049a4e8e362183a5a5b4ad058a1543211970819d0c11011c87c3a9dec2eaf"},
    {file = "debugpy-1.4.1-cp39-cp39-manylinux1_i686.whl", hash = "sha256:cf6b26f26f97ef3033008db7b3df7233363407d7b6cacd4bc4f8e02ce8e11df4"},
    {file = "debugpy-1.4.1-cp39-cp39-manylinux1_x86_64.whl", hash = "sha256:8a2be4e5d696ad39be6c6c37dc580993d04aad7d893fd6e449e1a055d7b5dddb"},
    {file = "debugpy-1.4.1-cp39-cp39-manylinux2010_i686.whl", hash = "sha256:d89ab3bd51d6a3f13b093bc3881a827d8f6c9588d9a493bddb3b47f9d078fd1d"},
    {file = "debugpy-1.4.1-cp39-cp39-manylinux2010_x86_64.whl", hash = "sha256:f20a07ac5fb0deee9be1ad1a9a124d858a8b79c66c7ec5e1767d78aa964f86c4"},
    {file = "debugpy-1.4.1-cp39-cp39-manylinux2014_i686.whl", hash = "sha256:6bb62615b3ad3d7202b7b7eb85f3d000aa17a61303af5f11eab048c91a1f30a6"},
    {file = "debugpy-1.4.1-cp39-cp39-manylinux2014_x86_64.whl", hash = "sha256:a9f582203af34c6978bffaba77425662e949251998276e9dece113862e753459"},
    {file = "debugpy-1.4.1-cp39-cp39-win32.whl", hash = "sha256:129312b01ec46ab303a8c0667d559a0de0bed1a394cc128039b6f008f1c376b7"},
    {file = "debugpy-1.4.1-cp39-cp39-win_amd64.whl", hash = "sha256:1762908202b0b0b481ec44125edb625d136d16c4991d3a7c1310c85672ffe5ba"},
    {file = "debugpy-1.4.1-py2.py3-none-any.whl", hash = "sha256:84ff51b8b5c847d5421324ca419db1eec813a4dd2bbf19dbbbe132e2ab2b2fc6"},
    {file = "debugpy-1.4.1.zip", hash = "sha256:889316de0b8ff3732927cb058cfbd3371e4cd0002ecc170d34c755ad289c867c"},
]
importlib-metadata = [
    {file = "importlib_metadata-4.6.3-py3-none-any.whl", hash = "sha256:51c6635429c77cf1ae634c997ff9e53ca3438b495f10a55ba28594dd69764a8b"},
    {file = "importlib_metadata-4.6.3.tar.gz", hash = "sha256:0645585859e9a6689c523927a5032f2ba5919f1f7d0e84bd4533312320de1ff9"},
]
more-itertools = [
    {file = "more-itertools-8.8.0.tar.gz", hash = "sha256:83f0308e05477c68f56ea3a888172c78ed5d5b3c282addb67508e7ba6c8f813a"},
    {file = "more_itertools-8.8.0-py3-none-any.whl", hash = "sha256:2cf89ec599962f2ddc4d568a05defc40e0a587fbc10d5989713638864c36be4d"},
]
pluggy = [
    {file = "pluggy-0.13.1-py2.py3-none-any.whl", hash = "sha256:966c145cd83c96502c3c3868f50408687b38434af77734af1e9ca461a4081d2d"},
    {file = "pluggy-0.13.1.tar.gz", hash = "sha256:15b2acde666561e1298d71b523007ed7364de07029219b604cf808bfa1c765b0"},
]
py = [
    {file = "py-1.10.0-py2.py3-none-any.whl", hash = "sha256:3b80836aa6d1feeaa108e046da6423ab8f6ceda6468545ae8d02d9d58d18818a"},
    {file = "py-1.10.0.tar.gz", hash = "sha256:21b81bda15b66ef5e1a777a21c4dcd9c20ad3efd0b3f817e7a809035269e1bd3"},
]
pytest = [
    {file = "pytest-3.10.1-py2.py3-none-any.whl", hash = "sha256:3f193df1cfe1d1609d4c583838bea3d532b18d6160fd3f55c9447fdca30848ec"},
    {file = "pytest-3.10.1.tar.gz", hash = "sha256:e246cf173c01169b9617fc07264b7b1316e78d7a650055235d6d897bc80d9660"},
]
six = [
    {file = "six-1.16.0-py2.py3-none-any.whl", hash = "sha256:8abb2f1d86890a2dfb989f9a77cfcfd3e47c2a354b01111771326f8aa26e0254"},
    {file = "six-1.16.0.tar.gz", hash = "sha256:1e61c37477a1626458e36f7b1d82aa5c9b094fa4802892072e49de9c60c4c926"},
]
typing-extensions = [
    {file = "typing_extensions-3.10.0.0-py2-none-any.whl", hash = "sha256:0ac0f89795dd19de6b97debb0c6af1c70987fd80a2d62d1958f7e56fcc31b497"},
    {file = "typing_extensions-3.10.0.0-py3-none-any.whl", hash = "sha256:779383f6086d90c99ae41cf0ff39aac8a7937a9283ce0a414e5dd782f4c94a84"},
    {file = "typing_extensions-3.10.0.0.tar.gz", hash = "sha256:50b6f157849174217d0656f99dc82fe932884fb250826c18350e159ec6cdf342"},
]
zipp = [
    {file = "zipp-3.5.0-py3-none-any.whl", hash = "sha256:957cfda87797e389580cb8b9e3870841ca991e2125350677b2ca83a0e99390a3"},
    {file = "zipp-3.5.0.tar.gz", hash = "sha256:f5812b1e007e48cff63449a5e9f4e7ebea716b4111f9c4f9a645f91d579bf0c4"},
]
